
Microsoft Visual Studio Solution File, Format Version 12.00
# Visual Studio Version 16
VisualStudioVersion = 16.0.29020.237
MinimumVisualStudioVersion = 10.0.40219.1
Project("{FAE04EC0-301F-11D3-BF4B-00C04F79EFBC}") = "App1.UWP", "App1\App1.UWP\App1.UWP.csproj", "{1C264D3B-C7F6-4B36-9845-F4DED2586FAD}"
EndProject
Project("{FAE04EC0-301F-11D3-BF4B-00C04F79EFBC}") = "App1.Android", "App1\App1.Android\App1.Android.csproj", "{72C4DDF1-6C8F-42B5-9C30-83386AFB2FAE}"
EndProject
Project("{FAE04EC0-301F-11D3-BF4B-00C04F79EFBC}") = "App1.iOS", "App1\App1.iOS\App1.iOS.csproj", "{CDB94BB9-F56E-479D-A858-04C6EC8A89D0}"
EndProject
Project("{FAE04EC0-301F-11D3-BF4B-00C04F79EFBC}") = "App1", "App1\App1\App1.csproj", "{506B4C8C-2C63-456E-862F-686DC88C2CB2}"
EndProject
Global
	GlobalSection(SolutionConfigurationPlatforms) = preSolution
		Debug|Any CPU = Debug|Any CPU
		Debug|ARM = Debug|ARM
		Debug|iPhone = Debug|iPhone
		Debug|iPhoneSimulator = Debug|iPhoneSimulator
		Debug|x64 = Debug|x64
		Debug|x86 = Debug|x86
		Release|Any CPU = Release|Any CPU
		Release|ARM = Release|ARM
		Release|iPhone = Release|iPhone
		Release|iPhoneSimulator = Release|iPhoneSimulator
		Release|x64 = Release|x64
		Release|x86 = Release|x86
	EndGlobalSection
	GlobalSection(ProjectConfigurationPlatforms) = postSolution
		{1C264D3B-C7F6-4B36-9845-F4DED2586FAD}.Debug|Any CPU.ActiveCfg = Debug|x86
		{1C264D3B-C7F6-4B36-9845-F4DED2586FAD}.Debug|Any CPU.Build.0 = Debug|x86
		{1C264D3B-C7F6-4B36-9845-F4DED2586FAD}.Debug|Any CPU.Deploy.0 = Debug|x86
		{1C264D3B-C7F6-4B36-9845-F4DED2586FAD}.Debug|ARM.ActiveCfg = Debug|ARM
		{1C264D3B-C7F6-4B36-9845-F4DED2586FAD}.Debug|ARM.Build.0 = Debug|ARM
		{1C264D3B-C7F6-4B36-9845-F4DED2586FAD}.Debug|ARM.Deploy.0 = Debug|ARM
		{1C264D3B-C7F6-4B36-9845-F4DED2586FAD}.Debug|iPhone.ActiveCfg = Debug|x86
		{1C264D3B-C7F6-4B36-9845-F4DED2586FAD}.Debug|iPhone.Build.0 = Debug|x86
		{1C264D3B-C7F6-4B36-9845-F4DED2586FAD}.Debug|iPhone.Deploy.0 = Debug|x86
		{1C264D3B-C7F6-4B36-9845-F4DED2586FAD}.Debug|iPhoneSimulator.ActiveCfg = Debug|x86
		{1C264D3B-C7F6-4B36-9845-F4DED2586FAD}.Debug|iPhoneSimulator.Build.0 = Debug|x86
		{1C264D3B-C7F6-4B36-9845-F4DED2586FAD}.Debug|iPhoneSimulator.Deploy.0 = Debug|x86
		{1C264D3B-C7F6-4B36-9845-F4DED2586FAD}.Debug|x64.ActiveCfg = Debug|x64
		{1C264D3B-C7F6-4B36-9845-F4DED2586FAD}.Debug|x64.Build.0 = Debug|x64
		{1C264D3B-C7F6-4B36-9845-F4DED2586FAD}.Debug|x64.Deploy.0 = Debug|x64
		{1C264D3B-C7F6-4B36-9845-F4DED2586FAD}.Debug|x86.ActiveCfg = Debug|x86
		{1C264D3B-C7F6-4B36-9845-F4DED2586FAD}.Debug|x86.Build.0 = Debug|x86
		{1C264D3B-C7F6-4B36-9845-F4DED2586FAD}.Debug|x86.Deploy.0 = Debug|x86
		{1C264D3B-C7F6-4B36-9845-F4DED2586FAD}.Release|Any CPU.ActiveCfg = Release|x86
		{1C264D3B-C7F6-4B36-9845-F4DED2586FAD}.Release|Any CPU.Build.0 = Release|x86
		{1C264D3B-C7F6-4B36-9845-F4DED2586FAD}.Release|Any CPU.Deploy.0 = Release|x86
		{1C264D3B-C7F6-4B36-9845-F4DED2586FAD}.Release|ARM.ActiveCfg = Release|ARM
		{1C264D3B-C7F6-4B36-9845-F4DED2586FAD}.Release|ARM.Build.0 = Release|ARM
		{1C264D3B-C7F6-4B36-9845-F4DED2586FAD}.Release|ARM.Deploy.0 = Release|ARM
		{1C264D3B-C7F6-4B36-9845-F4DED2586FAD}.Release|iPhone.ActiveCfg = Release|x86
		{1C264D3B-C7F6-4B36-9845-F4DED2586FAD}.Release|iPhone.Build.0 = Release|x86
		{1C264D3B-C7F6-4B36-9845-F4DED2586FAD}.Release|iPhone.Deploy.0 = Release|x86
		{1C264D3B-C7F6-4B36-9845-F4DED2586FAD}.Release|iPhoneSimulator.ActiveCfg = Release|x86
		{1C264D3B-C7F6-4B36-9845-F4DED2586FAD}.Release|iPhoneSimulator.Build.0 = Release|x86
		{1C264D3B-C7F6-4B36-9845-F4DED2586FAD}.Release|iPhoneSimulator.Deploy.0 = Release|x86
		{1C264D3B-C7F6-4B36-9845-F4DED2586FAD}.Release|x64.ActiveCfg = Release|x64
		{1C264D3B-C7F6-4B36-9845-F4DED2586FAD}.Release|x64.Build.0 = Release|x64
		{1C264D3B-C7F6-4B36-9845-F4DED2586FAD}.Release|x64.Deploy.0 = Release|x64
		{1C264D3B-C7F6-4B36-9845-F4DED2586FAD}.Release|x86.ActiveCfg = Release|x86
		{1C264D3B-C7F6-4B36-9845-F4DED2586FAD}.Release|x86.Build.0 = Release|x86
		{1C264D3B-C7F6-4B36-9845-F4DED2586FAD}.Release|x86.Deploy.0 = Release|x86
		{72C4DDF1-6C8F-42B5-9C30-83386AFB2FAE}.Debug|Any CPU.ActiveCfg = Debug|Any CPU
		{72C4DDF1-6C8F-42B5-9C30-83386AFB2FAE}.Debug|Any CPU.Build.0 = Debug|Any CPU
		{72C4DDF1-6C8F-42B5-9C30-83386AFB2FAE}.Debug|Any CPU.Deploy.0 = Debug|Any CPU
		{72C4DDF1-6C8F-42B5-9C30-83386AFB2FAE}.Debug|ARM.ActiveCfg = Debug|Any CPU
		{72C4DDF1-6C8F-42B5-9C30-83386AFB2FAE}.Debug|ARM.Build.0 = Debug|Any CPU
		{72C4DDF1-6C8F-42B5-9C30-83386AFB2FAE}.Debug|ARM.Deploy.0 = Debug|Any CPU
		{72C4DDF1-6C8F-42B5-9C30-83386AFB2FAE}.Debug|iPhone.ActiveCfg = Debug|Any CPU
		{72C4DDF1-6C8F-42B5-9C30-83386AFB2FAE}.Debug|iPhone.Build.0 = Debug|Any CPU
		{72C4DDF1-6C8F-42B5-9C30-83386AFB2FAE}.Debug|iPhone.Deploy.0 = Debug|Any CPU
		{72C4DDF1-6C8F-42B5-9C30-83386AFB2FAE}.Debug|iPhoneSimulator.ActiveCfg = Debug|Any CPU
		{72C4DDF1-6C8F-42B5-9C30-83386AFB2FAE}.Debug|iPhoneSimulator.Build.0 = Debug|Any CPU
		{72C4DDF1-6C8F-42B5-9C30-83386AFB2FAE}.Debug|iPhoneSimulator.Deploy.0 = Debug|Any CPU
		{72C4DDF1-6C8F-42B5-9C30-83386AFB2FAE}.Debug|x64.ActiveCfg = Debug|Any CPU
		{72C4DDF1-6C8F-42B5-9C30-83386AFB2FAE}.Debug|x64.Build.0 = Debug|Any CPU
		{72C4DDF1-6C8F-42B5-9C30-83386AFB2FAE}.Debug|x64.Deploy.0 = Debug|Any CPU
		{72C4DDF1-6C8F-42B5-9C30-83386AFB2FAE}.Debug|x86.ActiveCfg = Debug|Any CPU
		{72C4DDF1-6C8F-42B5-9C30-83386AFB2FAE}.Debug|x86.Build.0 = Debug|Any CPU
		{72C4DDF1-6C8F-42B5-9C30-83386AFB2FAE}.Debug|x86.Deploy.0 = Debug|Any CPU
		{72C4DDF1-6C8F-42B5-9C30-83386AFB2FAE}.Release|Any CPU.ActiveCfg = Release|Any CPU
		{72C4DDF1-6C8F-42B5-9C30-83386AFB2FAE}.Release|Any CPU.Build.0 = Release|Any CPU
		{72C4DDF1-6C8F-42B5-9C30-83386AFB2FAE}.Release|Any CPU.Deploy.0 = Release|Any CPU
		{72C4DDF1-6C8F-42B5-9C30-83386AFB2FAE}.Release|ARM.ActiveCfg = Release|Any CPU
		{72C4DDF1-6C8F-42B5-9C30-83386AFB2FAE}.Release|ARM.Build.0 = Release|Any CPU
		{72C4DDF1-6C8F-42B5-9C30-83386AFB2FAE}.Release|ARM.Deploy.0 = Release|Any CPU
		{72C4DDF1-6C8F-42B5-9C30-83386AFB2FAE}.Release|iPhone.ActiveCfg = Release|Any CPU
		{72C4DDF1-6C8F-42B5-9C30-83386AFB2FAE}.Release|iPhone.Build.0 = Release|Any CPU
		{72C4DDF1-6C8F-42B5-9C30-83386AFB2FAE}.Release|iPhone.Deploy.0 = Release|Any CPU
		{72C4DDF1-6C8F-42B5-9C30-83386AFB2FAE}.Release|iPhoneSimulator.ActiveCfg = Release|Any CPU
		{72C4DDF1-6C8F-42B5-9C30-83386AFB2FAE}.Release|iPhoneSimulator.Build.0 = Release|Any CPU
		{72C4DDF1-6C8F-42B5-9C30-83386AFB2FAE}.Release|iPhoneSimulator.Deploy.0 = Release|Any CPU
		{72C4DDF1-6C8F-42B5-9C30-83386AFB2FAE}.Release|x64.ActiveCfg = Release|Any CPU
		{72C4DDF1-6C8F-42B5-9C30-83386AFB2FAE}.Release|x64.Build.0 = Release|Any CPU
		{72C4DDF1-6C8F-42B5-9C30-83386AFB2FAE}.Release|x64.Deploy.0 = Release|Any CPU
		{72C4DDF1-6C8F-42B5-9C30-83386AFB2FAE}.Release|x86.ActiveCfg = Release|Any CPU
		{72C4DDF1-6C8F-42B5-9C30-83386AFB2FAE}.Release|x86.Build.0 = Release|Any CPU
		{72C4DDF1-6C8F-42B5-9C30-83386AFB2FAE}.Release|x86.Deploy.0 = Release|Any CPU
		{CDB94BB9-F56E-479D-A858-04C6EC8A89D0}.Debug|Any CPU.ActiveCfg = Debug|iPhone
		{CDB94BB9-F56E-479D-A858-04C6EC8A89D0}.Debug|Any CPU.Build.0 = Debug|iPhone
		{CDB94BB9-F56E-479D-A858-04C6EC8A89D0}.Debug|Any CPU.Deploy.0 = Debug|iPhone
		{CDB94BB9-F56E-479D-A858-04C6EC8A89D0}.Debug|ARM.ActiveCfg = Debug|iPhoneSimulator
		{CDB94BB9-F56E-479D-A858-04C6EC8A89D0}.Debug|ARM.Build.0 = Debug|iPhoneSimulator
		{CDB94BB9-F56E-479D-A858-04C6EC8A89D0}.Debug|ARM.Deploy.0 = Debug|iPhoneSimulator
		{CDB94BB9-F56E-479D-A858-04C6EC8A89D0}.Debug|iPhone.ActiveCfg = Debug|iPhone
		{CDB94BB9-F56E-479D-A858-04C6EC8A89D0}.Debug|iPhone.Build.0 = Debug|iPhone
		{CDB94BB9-F56E-479D-A858-04C6EC8A89D0}.Debug|iPhone.Deploy.0 = Debug|iPhone
		{CDB94BB9-F56E-479D-A858-04C6EC8A89D0}.Debug|iPhoneSimulator.ActiveCfg = Debug|iPhoneSimulator
		{CDB94BB9-F56E-479D-A858-04C6EC8A89D0}.Debug|iPhoneSimulator.Build.0 = Debug|iPhoneSimulator
		{CDB94BB9-F56E-479D-A858-04C6EC8A89D0}.Debug|iPhoneSimulator.Deploy.0 = Debug|iPhoneSimulator
		{CDB94BB9-F56E-479D-A858-04C6EC8A89D0}.Debug|x64.ActiveCfg = Debug|iPhone
		{CDB94BB9-F56E-479D-A858-04C6EC8A89D0}.Debug|x64.Build.0 = Debug|iPhone
		{CDB94BB9-F56E-479D-A858-04C6EC8A89D0}.Debug|x64.Deploy.0 = Debug|iPhone
		{CDB94BB9-F56E-479D-A858-04C6EC8A89D0}.Debug|x86.ActiveCfg = Debug|iPhone
		{CDB94BB9-F56E-479D-A858-04C6EC8A89D0}.Debug|x86.Build.0 = Debug|iPhone
		{CDB94BB9-F56E-479D-A858-04C6EC8A89D0}.Debug|x86.Deploy.0 = Debug|iPhone
		{CDB94BB9-F56E-479D-A858-04C6EC8A89D0}.Release|Any CPU.ActiveCfg = Release|iPhone
		{CDB94BB9-F56E-479D-A858-04C6EC8A89D0}.Release|Any CPU.Build.0 = Release|iPhone
		{CDB94BB9-F56E-479D-A858-04C6EC8A89D0}.Release|Any CPU.Deploy.0 = Release|iPhone
		{CDB94BB9-F56E-479D-A858-04C6EC8A89D0}.Release|ARM.ActiveCfg = Release|iPhone
		{CDB94BB9-F56E-479D-A858-04C6EC8A89D0}.Release|ARM.Build.0 = Release|iPhone
		{CDB94BB9-F56E-479D-A858-04C6EC8A89D0}.Release|ARM.Deploy.0 = Release|iPhone
		{CDB94BB9-F56E-479D-A858-04C6EC8A89D0}.Release|iPhone.ActiveCfg = Release|iPhone
		{CDB94BB9-F56E-479D-A858-04C6EC8A89D0}.Release|iPhone.Build.0 = Release|iPhone
		{CDB94BB9-F56E-479D-A858-04C6EC8A89D0}.Release|iPhone.Deploy.0 = Release|iPhone
		{CDB94BB9-F56E-479D-A858-04C6EC8A89D0}.Release|iPhoneSimulator.ActiveCfg = Release|iPhoneSimulator
		{CDB94BB9-F56E-479D-A858-04C6EC8A89D0}.Release|iPhoneSimulator.Build.0 = Release|iPhoneSimulator
		{CDB94BB9-F56E-479D-A858-04C6EC8A89D0}.Release|iPhoneSimulator.Deploy.0 = Release|iPhoneSimulator
		{CDB94BB9-F56E-479D-A858-04C6EC8A89D0}.Release|x64.ActiveCfg = Release|iPhone
		{CDB94BB9-F56E-479D-A858-04C6EC8A89D0}.Release|x64.Build.0 = Release|iPhone
		{CDB94BB9-F56E-479D-A858-04C6EC8A89D0}.Release|x64.Deploy.0 = Release|iPhone
		{CDB94BB9-F56E-479D-A858-04C6EC8A89D0}.Release|x86.ActiveCfg = Release|iPhone
		{CDB94BB9-F56E-479D-A858-04C6EC8A89D0}.Release|x86.Build.0 = Release|iPhone
		{CDB94BB9-F56E-479D-A858-04C6EC8A89D0}.Release|x86.Deploy.0 = Release|iPhone
		{506B4C8C-2C63-456E-862F-686DC88C2CB2}.Debug|Any CPU.ActiveCfg = Debug|Any CPU
		{506B4C8C-2C63-456E-862F-686DC88C2CB2}.Debug|Any CPU.Build.0 = Debug|Any CPU
		{506B4C8C-2C63-456E-862F-686DC88C2CB2}.Debug|Any CPU.Deploy.0 = Debug|Any CPU
		{506B4C8C-2C63-456E-862F-686DC88C2CB2}.Debug|ARM.ActiveCfg = Debug|Any CPU
		{506B4C8C-2C63-456E-862F-686DC88C2CB2}.Debug|ARM.Build.0 = Debug|Any CPU
		{506B4C8C-2C63-456E-862F-686DC88C2CB2}.Debug|ARM.Deploy.0 = Debug|Any CPU
		{506B4C8C-2C63-456E-862F-686DC88C2CB2}.Debug|iPhone.ActiveCfg = Debug|Any CPU
		{506B4C8C-2C63-456E-862F-686DC88C2CB2}.Debug|iPhone.Build.0 = Debug|Any CPU
		{506B4C8C-2C63-456E-862F-686DC88C2CB2}.Debug|iPhone.Deploy.0 = Debug|Any CPU
		{506B4C8C-2C63-456E-862F-686DC88C2CB2}.Debug|iPhoneSimulator.ActiveCfg = Debug|Any CPU
		{506B4C8C-2C63-456E-862F-686DC88C2CB2}.Debug|iPhoneSimulator.Build.0 = Debug|Any CPU
		{506B4C8C-2C63-456E-862F-686DC88C2CB2}.Debug|iPhoneSimulator.Deploy.0 = Debug|Any CPU
		{506B4C8C-2C63-456E-862F-686DC88C2CB2}.Debug|x64.ActiveCfg = Debug|Any CPU
		{506B4C8C-2C63-456E-862F-686DC88C2CB2}.Debug|x64.Build.0 = Debug|Any CPU
		{506B4C8C-2C63-456E-862F-686DC88C2CB2}.Debug|x64.Deploy.0 = Debug|Any CPU
		{506B4C8C-2C63-456E-862F-686DC88C2CB2}.Debug|x86.ActiveCfg = Debug|Any CPU
		{506B4C8C-2C63-456E-862F-686DC88C2CB2}.Debug|x86.Build.0 = Debug|Any CPU
		{506B4C8C-2C63-456E-862F-686DC88C2CB2}.Debug|x86.Deploy.0 = Debug|Any CPU
		{506B4C8C-2C63-456E-862F-686DC88C2CB2}.Release|Any CPU.ActiveCfg = Release|Any CPU
		{506B4C8C-2C63-456E-862F-686DC88C2CB2}.Release|Any CPU.Build.0 = Release|Any CPU
		{506B4C8C-2C63-456E-862F-686DC88C2CB2}.Release|Any CPU.Deploy.0 = Release|Any CPU
		{506B4C8C-2C63-456E-862F-686DC88C2CB2}.Release|ARM.ActiveCfg = Release|Any CPU
		{506B4C8C-2C63-456E-862F-686DC88C2CB2}.Release|ARM.Build.0 = Release|Any CPU
		{506B4C8C-2C63-456E-862F-686DC88C2CB2}.Release|ARM.Deploy.0 = Release|Any CPU
		{506B4C8C-2C63-456E-862F-686DC88C2CB2}.Release|iPhone.ActiveCfg = Release|Any CPU
		{506B4C8C-2C63-456E-862F-686DC88C2CB2}.Release|iPhone.Build.0 = Release|Any CPU
		{506B4C8C-2C63-456E-862F-686DC88C2CB2}.Release|iPhone.Deploy.0 = Release|Any CPU
		{506B4C8C-2C63-456E-862F-686DC88C2CB2}.Release|iPhoneSimulator.ActiveCfg = Release|Any CPU
		{506B4C8C-2C63-456E-862F-686DC88C2CB2}.Release|iPhoneSimulator.Build.0 = Release|Any CPU
		{506B4C8C-2C63-456E-862F-686DC88C2CB2}.Release|iPhoneSimulator.Deploy.0 = Release|Any CPU
		{506B4C8C-2C63-456E-862F-686DC88C2CB2}.Release|x64.ActiveCfg = Release|Any CPU
		{506B4C8C-2C63-456E-862F-686DC88C2CB2}.Release|x64.Build.0 = Release|Any CPU
		{506B4C8C-2C63-456E-862F-686DC88C2CB2}.Release|x64.Deploy.0 = Release|Any CPU
		{506B4C8C-2C63-456E-862F-686DC88C2CB2}.Release|x86.ActiveCfg = Release|Any CPU
		{506B4C8C-2C63-456E-862F-686DC88C2CB2}.Release|x86.Build.0 = Release|Any CPU
		{506B4C8C-2C63-456E-862F-686DC88C2CB2}.Release|x86.Deploy.0 = Release|Any CPU
	EndGlobalSection
	GlobalSection(SolutionProperties) = preSolution
		HideSolutionNode = FALSE
	EndGlobalSection
	GlobalSection(ExtensibilityGlobals) = postSolution
		SolutionGuid = {EA774F56-075D-4911-8AC5-EF112CB58253}
	EndGlobalSection
EndGlobal
